{
  "nodes": {
    "nixpkgs": {
      "locked": {
        "lastModified": 1774883129,
        "narHash": "sha256-HjWG4Loj5Sv154kJTergDfUQpHVcql+65Ngv7p1T71g=",
        "owner": "nixos",
        "repo": "nixpkgs",
        "rev": "62f53130e309244c89880b3d9d6ef77236edbe8c",
        "type": "github"
      },
      "original": {
        "owner": "nixos",
        "repo": "nixpkgs",
        "type": "github"
      }
    },
    "root": {
      "inputs": {
        "nixpkgs": "nixpkgs"
      }
    }
  },
  "root": "root",
  "version": 7
}
